
Microsoft Visual Studio Solution File, Format Version 12.00
# Visual Studio 15
VisualStudioVersion = 15.0.27428.1
MinimumVisualStudioVersion = 10.0.40219.1
Project("{FAE04EC0-301F-11D3-BF4B-00C04F79EFBC}") = "ITCompanyLocatorUI", "ITCompanyLocatorUI\ITCompanyLocatorUI.csproj", "{DB19C566-BA26-4B58-A594-37BC7ED6BC89}"
EndProject
Project("{FAE04EC0-301F-11D3-BF4B-00C04F79EFBC}") = "ITCompanyLocator.DataAccessLayer", "ITCompanyLocator.DataAccessLayer\ITCompanyLocator.DataAccessLayer.csproj", "{D37261D8-B9A8-4076-9043-6199F5B6DB2A}"
EndProject
Project("{FAE04EC0-301F-11D3-BF4B-00C04F79EFBC}") = "ITCompanyLocator.BusinessLogicLayer", "ITCompanyLocator.BusinessLogicLayer\ITCompanyLocator.BusinessLogicLayer.csproj", "{7A1DFD5C-636C-4BAC-AC66-A36EDDAC417A}"
EndProject
Global
	GlobalSection(SolutionConfigurationPlatforms) = preSolution
		Debug|Any CPU = Debug|Any CPU
		Release|Any CPU = Release|Any CPU
	EndGlobalSection
	GlobalSection(ProjectConfigurationPlatforms) = postSolution
		{DB19C566-BA26-4B58-A594-37BC7ED6BC89}.Debug|Any CPU.ActiveCfg = Debug|Any CPU
		{DB19C566-BA26-4B58-A594-37BC7ED6BC89}.Debug|Any CPU.Build.0 = Debug|Any CPU
		{DB19C566-BA26-4B58-A594-37BC7ED6BC89}.Release|Any CPU.ActiveCfg = Release|Any CPU
		{DB19C566-BA26-4B58-A594-37BC7ED6BC89}.Release|Any CPU.Build.0 = Release|Any CPU
		{D37261D8-B9A8-4076-9043-6199F5B6DB2A}.Debug|Any CPU.ActiveCfg = Debug|Any CPU
		{D37261D8-B9A8-4076-9043-6199F5B6DB2A}.Debug|Any CPU.Build.0 = Debug|Any CPU
		{D37261D8-B9A8-4076-9043-6199F5B6DB2A}.Release|Any CPU.ActiveCfg = Release|Any CPU
		{D37261D8-B9A8-4076-9043-6199F5B6DB2A}.Release|Any CPU.Build.0 = Release|Any CPU
		{7A1DFD5C-636C-4BAC-AC66-A36EDDAC417A}.Debug|Any CPU.ActiveCfg = Debug|Any CPU
		{7A1DFD5C-636C-4BAC-AC66-A36EDDAC417A}.Debug|Any CPU.Build.0 = Debug|Any CPU
		{7A1DFD5C-636C-4BAC-AC66-A36EDDAC417A}.Release|Any CPU.ActiveCfg = Release|Any CPU
		{7A1DFD5C-636C-4BAC-AC66-A36EDDAC417A}.Release|Any CPU.Build.0 = Release|Any CPU
	EndGlobalSection
	GlobalSection(SolutionProperties) = preSolution
		HideSolutionNode = FALSE
	EndGlobalSection
	GlobalSection(ExtensibilityGlobals) = postSolution
		SolutionGuid = {7EC6032E-7D5C-4EFB-A823-0DA3288994ED}
	EndGlobalSection
EndGlobal
